// !$*UTF8*$!
{
	archiveVersion = 1;
	classes = {
	};
	objectVersion = 50;
	objects = {

/* Begin PBXBuildFile section */
		D43EC36D26BA343B00F0A80D /* AppDelegate.swift in Sources */ = {isa = PBXBuildFile; fileRef = D43EC36C26BA343B00F0A80D /* AppDelegate.swift */; };
		D43EC36F26BA343B00F0A80D /* SceneDelegate.swift in Sources */ = {isa = PBXBuildFile; fileRef = D43EC36E26BA343B00F0A80D /* SceneDelegate.swift */; };
		D43EC37426BA343B00F0A80D /* Main.storyboard in Resources */ = {isa = PBXBuildFile; fileRef = D43EC37226BA343B00F0A80D /* Main.storyboard */; };
		D43EC37626BA343C00F0A80D /* Assets.xcassets in Resources */ = {isa = PBXBuildFile; fileRef = D43EC37526BA343C00F0A80D /* Assets.xcassets */; };
		D43EC37926BA343C00F0A80D /* LaunchScreen.storyboard in Resources */ = {isa = PBXBuildFile; fileRef = D43EC37726BA343C00F0A80D /* LaunchScreen.storyboard */; };
		D477F8FF26C077F100E4BC6E /* PBViewController.swift in Sources */ = {isa = PBXBuildFile; fileRef = D477F8FE26C077F100E4BC6E /* PBViewController.swift */; };
/* End PBXBuildFile section */

/* Begin PBXFileReference section */
		D43EC36926BA343B00F0A80D /* Photo Bucket.app */ = {isa = PBXFileReference; explicitFileType = wrapper.application; includeInIndex = 0; path = "Photo Bucket.app"; sourceTree = BUILT_PRODUCTS_DIR; };
		D43EC36C26BA343B00F0A80D /* AppDelegate.swift */ = {isa = PBXFileReference; lastKnownFileType = sourcecode.swift; path = AppDelegate.swift; sourceTree = "<group>"; };
		D43EC36E26BA343B00F0A80D /* SceneDelegate.swift */ = {isa = PBXFileReference; lastKnownFileType = sourcecode.swift; path = SceneDelegate.swift; sourceTree = "<group>"; };
		D43EC37326BA343B00F0A80D /* Base */ = {isa = PBXFileReference; lastKnownFileType = file.storyboard; name = Base; path = Base.lproj/Main.storyboard; sourceTree = "<group>"; };
		D43EC37526BA343C00F0A80D /* Assets.xcassets */ = {isa = PBXFileReference; lastKnownFileType = folder.assetcatalog; path = Assets.xcassets; sourceTree = "<group>"; };
		D43EC37826BA343C00F0A80D /* Base */ = {isa = PBXFileReference; lastKnownFileType = file.storyboard; name = Base; path = Base.lproj/LaunchScreen.storyboard; sourceTree = "<group>"; };
		D43EC37A26BA343C00F0A80D /* Info.plist */ = {isa = PBXFileReference; lastKnownFileType = text.plist.xml; path = Info.plist; sourceTree = "<group>"; };
		D477F8FE26C077F100E4BC6E /* PBViewController.swift */ = {isa = PBXFileReference; lastKnownFileType = sourcecode.swift; path = PBViewController.swift; sourceTree = "<group>"; };
/* End PBXFileReference section */

/* Begin PBXFrameworksBuildPhase section */
		D43EC36626BA343B00F0A80D /* Frameworks */ = {
			isa = PBXFrameworksBuildPhase;
			buildActionMask = 2147483647;
			files = (
			);
			runOnlyForDeploymentPostprocessing = 0;
		};
/* End PBXFrameworksBuildPhase section */

/* Begin PBXGroup section */
		D43EC36026BA343B00F0A80D = {
			isa = PBXGroup;
			children = (
				D43EC36B26BA343B00F0A80D /* Photo Bucket */,
				D43EC36A26BA343B00F0A80D /* Products */,
			);
			sourceTree = "<group>";
		};
		D43EC36A26BA343B00F0A80D /* Products */ = {
			isa = PBXGroup;
			children = (
				D43EC36926BA343B00F0A80D /* Photo Bucket.app */,
			);
			name = Products;
			sourceTree = "<group>";
		};
		D43EC36B26BA343B00F0A80D /* Photo Bucket */ = {
			isa = PBXGroup;
			children = (
				D43EC36C26BA343B00F0A80D /* AppDelegate.swift */,
				D43EC36E26BA343B00F0A80D /* SceneDelegate.swift */,
				D43EC37226BA343B00F0A80D /* Main.storyboard */,
				D43EC37526BA343C00F0A80D /* Assets.xcassets */,
				D43EC37726BA343C00F0A80D /* LaunchScreen.storyboard */,
				D43EC37A26BA343C00F0A80D /* Info.plist */,
				D477F8FE26C077F100E4BC6E /* PBViewController.swift */,
			);
			path = "Photo Bucket";
			sourceTree = "<group>";
		};
/* End PBXGroup section */

/* Begin PBXNativeTarget section */
		D43EC36826BA343B00F0A80D /* Photo Bucket */ = {
			isa = PBXNativeTarget;
			buildConfigurationList = D43EC37D26BA343C00F0A80D /* Build configuration list for PBXNativeTarget "Photo Bucket" */;
			buildPhases = (
				D43EC36526BA343B00F0A80D /* Sources */,
				D43EC36626BA343B00F0A80D /* Frameworks */,
				D43EC36726BA343B00F0A80D /* Resources */,
			);
			buildRules = (
			);
			dependencies = (
			);
			name = "Photo Bucket";
			productName = "Photo Bucket";
			productReference = D43EC36926BA343B00F0A80D /* Photo Bucket.app */;
			productType = "com.apple.product-type.application";
		};
/* End PBXNativeTarget section */

/* Begin PBXProject section */
		D43EC36126BA343B00F0A80D /* Project object */ = {
			isa = PBXProject;
			attributes = {
				LastSwiftUpdateCheck = 1250;
				LastUpgradeCheck = 1250;
				TargetAttributes = {
					D43EC36826BA343B00F0A80D = {
						CreatedOnToolsVersion = 12.5.1;
					};
				};
			};
			buildConfigurationList = D43EC36426BA343B00F0A80D /* Build configuration list for PBXProject "Photo Bucket" */;
			compatibilityVersion = "Xcode 9.3";
			developmentRegion = en;
			hasScannedForEncodings = 0;
			knownRegions = (
				en,
				Base,
			);
			mainGroup = D43EC36026BA343B00F0A80D;
			productRefGroup = D43EC36A26BA343B00F0A80D /* Products */;
			projectDirPath = "";
			projectRoot = "";
			targets = (
				D43EC36826BA343B00F0A80D /* Photo Bucket */,
			);
		};
/* End PBXProject section */

/* Begin PBXResourcesBuildPhase section */
		D43EC36726BA343B00F0A80D /* Resources */ = {
			isa = PBXResourcesBuildPhase;
			buildActionMask = 2147483647;
			files = (
				D43EC37926BA343C00F0A80D /* LaunchScreen.storyboard in Resources */,
				D43EC37626BA343C00F0A80D /* Assets.xcassets in Resources */,
				D43EC37426BA343B00F0A80D /* Main.storyboard in Resources */,
			);
			runOnlyForDeploymentPostprocessing = 0;
		};
/* End PBXResourcesBuildPhase section */

/* Begin PBXSourcesBuildPhase section */
		D43EC36526BA343B00F0A80D /* Sources */ = {
			isa = PBXSourcesBuildPhase;
			buildActionMask = 2147483647;
			files = (
				D43EC36D26BA343B00F0A80D /* AppDelegate.swift in Sources */,
				D477F8FF26C077F100E4BC6E /* PBViewController.swift in Sources */,
				D43EC36F26BA343B00F0A80D /* SceneDelegate.swift in Sources */,
			);
			runOnlyForDeploymentPostprocessing = 0;
		};
/* End PBXSourcesBuildPhase section */

/* Begin PBXVariantGroup section */
		D43EC37226BA343B00F0A80D /* Main.storyboard */ = {
			isa = PBXVariantGroup;
			children = (
				D43EC37326BA343B00F0A80D /* Base */,
			);
			name = Main.storyboard;
			sourceTree = "<group>";
		};
		D43EC37726BA343C00F0A80D /* LaunchScreen.storyboard */ = {
			isa = PBXVariantGroup;
			children = (
				D43EC37826BA343C00F0A80D /* Base */,
			);
			name = LaunchScreen.storyboard;
			sourceTree = "<group>";
		};
/* End PBXVariantGroup section */

/* Begin XCBuildConfiguration section */
		D43EC37B26BA343C00F0A80D /* Debug */ = {
			isa = XCBuildConfiguration;
			buildSettings = {
				ALWAYS_SEARCH_USER_PATHS = NO;
				CLANG_ANALYZER_NONNULL = YES;
				CLANG_ANALYZER_NUMBER_OBJECT_CONVERSION = YES_AGGRESSIVE;
				CLANG_CXX_LANGUAGE_STANDARD = "gnu++14";
				CLANG_CXX_LIBRARY = "libc++";
				CLANG_ENABLE_MODULES = YES;
				CLANG_ENABLE_OBJC_ARC = YES;
				CLANG_ENABLE_OBJC_WEAK = YES;
				CLANG_WARN_BLOCK_CAPTURE_AUTORELEASING = YES;
				CLANG_WARN_BOOL_CONVERSION = YES;
				CLANG_WARN_COMMA = YES;
				CLANG_WARN_CONSTANT_CONVERSION = YES;
				CLANG_WARN_DEPRECATED_OBJC_IMPLEMENTATIONS = YES;
				CLANG_WARN_DIRECT_OBJC_ISA_USAGE = YES_ERROR;
				CLANG_WARN_DOCUMENTATION_COMMENTS = YES;
				CLANG_WARN_EMPTY_BODY = YES;
				CLANG_WARN_ENUM_CONVERSION = YES;
				CLANG_WARN_INFINITE_RECURSION = YES;
				CLANG_WARN_INT_CONVERSION = YES;
				CLANG_WARN_NON_LITERAL_NULL_CONVERSION = YES;
				CLANG_WARN_OBJC_IMPLICIT_RETAIN_SELF = YES;
				CLANG_WARN_OBJC_LITERAL_CONVERSION = YES;
				CLANG_WARN_OBJC_ROOT_CLASS = YES_ERROR;
				CLANG_WARN_QUOTED_INCLUDE_IN_FRAMEWORK_HEADER = YES;
				CLANG_WARN_RANGE_LOOP_ANALYSIS = YES;
				CLANG_WARN_STRICT_PROTOTYPES = YES;
				CLANG_WARN_SUSPICIOUS_MOVE = YES;
				CLANG_WARN_UNGUARDED_AVAILABILITY = YES_AGGRESSIVE;
				CLANG_WARN_UNREACHABLE_CODE = YES;
				CLANG_WARN__DUPLICATE_METHOD_MATCH = YES;
				COPY_PHASE_STRIP = NO;
				DEBUG_INFORMATION_FORMAT = dwarf;
				ENABLE_STRICT_OBJC_MSGSEND = YES;
				ENABLE_TESTABILITY = YES;
				GCC_C_LANGUAGE_STANDARD = gnu11;
				GCC_DYNAMIC_NO_PIC = NO;
				GCC_NO_COMMON_BLOCKS = YES;
				GCC_OPTIMIZATION_LEVEL = 0;
				GCC_PREPROCESSOR_DEFINITIONS = (
					"DEBUG=1",
					"$(inherited)",
				);
				GCC_WARN_64_TO_32_BIT_CONVERSION = YES;
				GCC_WARN_ABOUT_RETURN_TYPE = YES_ERROR;
				GCC_WARN_UNDECLARED_SELECTOR = YES;
				GCC_WARN_UNINITIALIZED_AUTOS = YES_AGGRESSIVE;
				GCC_WARN_UNUSED_FUNCTION = YES;
				GCC_WARN_UNUSED_VARIABLE = YES;
				IPHONEOS_DEPLOYMENT_TARGET = 14.5;
				MTL_ENABLE_DEBUG_INFO = INCLUDE_SOURCE;
				MTL_FAST_MATH = YES;
				ONLY_ACTIVE_ARCH = YES;
				SDKROOT = iphoneos;
				SWIFT_ACTIVE_COMPILATION_CONDITIONS = DEBUG;
				SWIFT_OPTIMIZATION_LEVEL = "-Onone";
			};
			name = Debug;
		};
		D43EC37C26BA343C00F0A80D /* Release */ = {
			isa = XCBuildConfiguration;
			buildSettings = {
				ALWAYS_SEARCH_USER_PATHS = NO;
				CLANG_ANALYZER_NONNULL = YES;
				CLANG_ANALYZER_NUMBER_OBJECT_CONVERSION = YES_AGGRESSIVE;
				CLANG_CXX_LANGUAGE_STANDARD = "gnu++14";
				CLANG_CXX_LIBRARY = "libc++";
				CLANG_ENABLE_MODULES = YES;
				CLANG_ENABLE_OBJC_ARC = YES;
				CLANG_ENABLE_OBJC_WEAK = YES;
				CLANG_WARN_BLOCK_CAPTURE_AUTORELEASING = YES;
				CLANG_WARN_BOOL_CONVERSION = YES;
				CLANG_WARN_COMMA = YES;
				CLANG_WARN_CONSTANT_CONVERSION = YES;
				CLANG_WARN_DEPRECATED_OBJC_IMPLEMENTATIONS = YES;
				CLANG_WARN_DIRECT_OBJC_ISA_USAGE = YES_ERROR;
				CLANG_WARN_DOCUMENTATION_COMMENTS = YES;
				CLANG_WARN_EMPTY_BODY = YES;
				CLANG_WARN_ENUM_CONVERSION = YES;
				CLANG_WARN_INFINITE_RECURSION = YES;
				CLANG_WARN_INT_CONVERSION = YES;
				CLANG_WARN_NON_LITERAL_NULL_CONVERSION = YES;
				CLANG_WARN_OBJC_IMPLICIT_RETAIN_SELF = YES;
				CLANG_WARN_OBJC_LITERAL_CONVERSION = YES;
				CLANG_WARN_OBJC_ROOT_CLASS = YES_ERROR;
				CLANG_WARN_QUOTED_INCLUDE_IN_FRAMEWORK_HEADER = YES;
				CLANG_WARN_RANGE_LOOP_ANALYSIS = YES;
				CLANG_WARN_STRICT_PROTOTYPES = YES;
				CLANG_WARN_SUSPICIOUS_MOVE = YES;
				CLANG_WARN_UNGUARDED_AVAILABILITY = YES_AGGRESSIVE;
				CLANG_WARN_UNREACHABLE_CODE = YES;
				CLANG_WARN__DUPLICATE_METHOD_MATCH = YES;
				COPY_PHASE_STRIP = NO;
				DEBUG_INFORMATION_FORMAT = "dwarf-with-dsym";
				ENABLE_NS_ASSERTIONS = NO;
				ENABLE_STRICT_OBJC_MSGSEND = YES;
				GCC_C_LANGUAGE_STANDARD = gnu11;
				GCC_NO_COMMON_BLOCKS = YES;
				GCC_WARN_64_TO_32_BIT_CONVERSION = YES;
				GCC_WARN_ABOUT_RETURN_TYPE = YES_ERROR;
				GCC_WARN_UNDECLARED_SELECTOR = YES;
				GCC_WARN_UNINITIALIZED_AUTOS = YES_AGGRESSIVE;
				GCC_WARN_UNUSED_FUNCTION = YES;
				GCC_WARN_UNUSED_VARIABLE = YES;
				IPHONEOS_DEPLOYMENT_TARGET = 14.5;
				MTL_ENABLE_DEBUG_INFO = NO;
				MTL_FAST_MATH = YES;
				SDKROOT = iphoneos;
				SWIFT_COMPILATION_MODE = wholemodule;
				SWIFT_OPTIMIZATION_LEVEL = "-O";
				VALIDATE_PRODUCT = YES;
			};
			name = Release;
		};
		D43EC37E26BA343C00F0A80D /* Debug */ = {
			isa = XCBuildConfiguration;
			buildSettings = {
				ASSETCATALOG_COMPILER_APPICON_NAME = AppIcon;
				ASSETCATALOG_COMPILER_GLOBAL_ACCENT_COLOR_NAME = AccentColor;
				CODE_SIGN_STYLE = Automatic;
				DEVELOPMENT_TEAM = 3T3SQM5JBN;
				INFOPLIST_FILE = "Photo Bucket/Info.plist";
				LD_RUNPATH_SEARCH_PATHS = (
					"$(inherited)",
					"@executable_path/Frameworks",
				);
				PRODUCT_BUNDLE_IDENTIFIER = "edu.rose-hulman.yinz1.Photo-Bucket";
				PRODUCT_NAME = "$(TARGET_NAME)";
				SWIFT_VERSION = 5.0;
				TARGETED_DEVICE_FAMILY = "1,2";
			};
			name = Debug;
		};
		D43EC37F26BA343C00F0A80D /* Release */ = {
			isa = XCBuildConfiguration;
			buildSettings = {
				ASSETCATALOG_COMPILER_APPICON_NAME = AppIcon;
				ASSETCATALOG_COMPILER_GLOBAL_ACCENT_COLOR_NAME = AccentColor;
				CODE_SIGN_STYLE = Automatic;
				DEVELOPMENT_TEAM = 3T3SQM5JBN;
				INFOPLIST_FILE = "Photo Bucket/Info.plist";
				LD_RUNPATH_SEARCH_PATHS = (
					"$(inherited)",
					"@executable_path/Frameworks",
				);
				PRODUCT_BUNDLE_IDENTIFIER = "edu.rose-hulman.yinz1.Photo-Bucket";
				PRODUCT_NAME = "$(TARGET_NAME)";
				SWIFT_VERSION = 5.0;
				TARGETED_DEVICE_FAMILY = "1,2";
			};
			name = Release;
		};
/* End XCBuildConfiguration section */

/* Begin XCConfigurationList section */
		D43EC36426BA343B00F0A80D /* Build configuration list for PBXProject "Photo Bucket" */ = {
			isa = XCConfigurationList;
			buildConfigurations = (
				D43EC37B26BA343C00F0A80D /* Debug */,
				D43EC37C26BA343C00F0A80D /* Release */,
			);
			defaultConfigurationIsVisible = 0;
			defaultConfigurationName = Release;
		};
		D43EC37D26BA343C00F0A80D /* Build configuration list for PBXNativeTarget "Photo Bucket" */ = {
			isa = XCConfigurationList;
			buildConfigurations = (
				D43EC37E26BA343C00F0A80D /* Debug */,
				D43EC37F26BA343C00F0A80D /* Release */,
			);
			defaultConfigurationIsVisible = 0;
			defaultConfigurationName = Release;
		};
/* End XCConfigurationList section */
	};
	rootObject = D43EC36126BA343B00F0A80D /* Project object */;
}
